
Microsoft Visual Studio Solution File, Format Version 12.00
# Visual Studio Version 17
VisualStudioVersion = 17.5.33502.453
MinimumVisualStudioVersion = 10.0.40219.1
Project("{8BC9CEB8-8B4A-11D0-8D11-00A0C91BC942}") = "lua_runtime", "lua_runtime\lua_runtime.vcxproj", "{3E94BD71-B6A4-493B-AAA3-8C73BDD35C0B}"
	ProjectSection(ProjectDependencies) = postProject
		{B6D3E0C5-A4CC-4D35-992E-05D7BF1BBD3F} = {B6D3E0C5-A4CC-4D35-992E-05D7BF1BBD3F}
	EndProjectSection
EndProject
Project("{8BC9CEB8-8B4A-11D0-8D11-00A0C91BC942}") = "lua_lib", "lua_lib\lua_lib.vcxproj", "{DE60E8A9-5580-4BDE-B65B-22DCDB451C1A}"
EndProject
Project("{8BC9CEB8-8B4A-11D0-8D11-00A0C91BC942}") = "vk", "vk\vk.vcxproj", "{B6D3E0C5-A4CC-4D35-992E-05D7BF1BBD3F}"
	ProjectSection(ProjectDependencies) = postProject
		{56BA38AB-A586-4629-B72F-EC215C4B4EA0} = {56BA38AB-A586-4629-B72F-EC215C4B4EA0}
		{DE60E8A9-5580-4BDE-B65B-22DCDB451C1A} = {DE60E8A9-5580-4BDE-B65B-22DCDB451C1A}
	EndProjectSection
EndProject
Project("{8BC9CEB8-8B4A-11D0-8D11-00A0C91BC942}") = "shader", "shader\shader.vcxproj", "{56BA38AB-A586-4629-B72F-EC215C4B4EA0}"
EndProject
Global
	GlobalSection(SolutionConfigurationPlatforms) = preSolution
		Debug|x64 = Debug|x64
		Debug|x86 = Debug|x86
		Release|x64 = Release|x64
		Release|x86 = Release|x86
	EndGlobalSection
	GlobalSection(ProjectConfigurationPlatforms) = postSolution
		{3E94BD71-B6A4-493B-AAA3-8C73BDD35C0B}.Debug|x64.ActiveCfg = Debug|x64
		{3E94BD71-B6A4-493B-AAA3-8C73BDD35C0B}.Debug|x64.Build.0 = Debug|x64
		{3E94BD71-B6A4-493B-AAA3-8C73BDD35C0B}.Debug|x86.ActiveCfg = Debug|x64
		{3E94BD71-B6A4-493B-AAA3-8C73BDD35C0B}.Debug|x86.Build.0 = Debug|x64
		{3E94BD71-B6A4-493B-AAA3-8C73BDD35C0B}.Release|x64.ActiveCfg = Release|x64
		{3E94BD71-B6A4-493B-AAA3-8C73BDD35C0B}.Release|x64.Build.0 = Release|x64
		{3E94BD71-B6A4-493B-AAA3-8C73BDD35C0B}.Release|x86.ActiveCfg = Release|x64
		{3E94BD71-B6A4-493B-AAA3-8C73BDD35C0B}.Release|x86.Build.0 = Release|x64
		{DE60E8A9-5580-4BDE-B65B-22DCDB451C1A}.Debug|x64.ActiveCfg = Debug|x64
		{DE60E8A9-5580-4BDE-B65B-22DCDB451C1A}.Debug|x64.Build.0 = Debug|x64
		{DE60E8A9-5580-4BDE-B65B-22DCDB451C1A}.Debug|x86.ActiveCfg = Debug|x64
		{DE60E8A9-5580-4BDE-B65B-22DCDB451C1A}.Debug|x86.Build.0 = Debug|x64
		{DE60E8A9-5580-4BDE-B65B-22DCDB451C1A}.Release|x64.ActiveCfg = Release|x64
		{DE60E8A9-5580-4BDE-B65B-22DCDB451C1A}.Release|x64.Build.0 = Release|x64
		{DE60E8A9-5580-4BDE-B65B-22DCDB451C1A}.Release|x86.ActiveCfg = Release|x64
		{DE60E8A9-5580-4BDE-B65B-22DCDB451C1A}.Release|x86.Build.0 = Release|x64
		{B6D3E0C5-A4CC-4D35-992E-05D7BF1BBD3F}.Debug|x64.ActiveCfg = Debug|x64
		{B6D3E0C5-A4CC-4D35-992E-05D7BF1BBD3F}.Debug|x64.Build.0 = Debug|x64
		{B6D3E0C5-A4CC-4D35-992E-05D7BF1BBD3F}.Debug|x86.ActiveCfg = Debug|Win32
		{B6D3E0C5-A4CC-4D35-992E-05D7BF1BBD3F}.Debug|x86.Build.0 = Debug|Win32
		{B6D3E0C5-A4CC-4D35-992E-05D7BF1BBD3F}.Release|x64.ActiveCfg = Release|x64
		{B6D3E0C5-A4CC-4D35-992E-05D7BF1BBD3F}.Release|x64.Build.0 = Release|x64
		{B6D3E0C5-A4CC-4D35-992E-05D7BF1BBD3F}.Release|x86.ActiveCfg = Release|Win32
		{B6D3E0C5-A4CC-4D35-992E-05D7BF1BBD3F}.Release|x86.Build.0 = Release|Win32
		{56BA38AB-A586-4629-B72F-EC215C4B4EA0}.Debug|x64.ActiveCfg = Debug|x64
		{56BA38AB-A586-4629-B72F-EC215C4B4EA0}.Debug|x64.Build.0 = Debug|x64
		{56BA38AB-A586-4629-B72F-EC215C4B4EA0}.Debug|x86.ActiveCfg = Debug|x64
		{56BA38AB-A586-4629-B72F-EC215C4B4EA0}.Debug|x86.Build.0 = Debug|x64
		{56BA38AB-A586-4629-B72F-EC215C4B4EA0}.Release|x64.ActiveCfg = Release|x64
		{56BA38AB-A586-4629-B72F-EC215C4B4EA0}.Release|x64.Build.0 = Release|x64
		{56BA38AB-A586-4629-B72F-EC215C4B4EA0}.Release|x86.ActiveCfg = Release|x64
		{56BA38AB-A586-4629-B72F-EC215C4B4EA0}.Release|x86.Build.0 = Release|x64
	EndGlobalSection
	GlobalSection(SolutionProperties) = preSolution
		HideSolutionNode = FALSE
	EndGlobalSection
	GlobalSection(ExtensibilityGlobals) = postSolution
		SolutionGuid = {74817044-CB2F-41E7-B6C9-23550344EA9B}
	EndGlobalSection
EndGlobal
